{
  "name": "tut",
  "version": "1.0.0",
  "lockfileVersion": 3,
  "requires": true,
  "packages": {
    "": {
      "name": "tut",
      "version": "1.0.0",
      "license": "ISC",
      "dependencies": {
        "flask": "^0.2.10",
        "lodash": "^4.17.21"
      }
    },
    "node_modules/flask": {
      "version": "0.2.10",
      "resolved": "https://registry.npmjs.org/flask/-/flask-0.2.10.tgz",
      "integrity": "sha512-Zy69KIuFsoX0o2W5uDHHk1GHMwRT8QT0AboPQY7b1soCfJ2pfwKxHF2AGVwJmDUjzawgOavoY/UsXnZ7fk3lVQ=="
    },
    "node_modules/lodash": {
      "version": "4.17.21",
      "resolved": "https://registry.npmjs.org/lodash/-/lodash-4.17.21.tgz",
      "integrity": "sha512-v2kDEe57lecTulaDIuNTPy3Ry4gLGJ6Z1O3vE1krgXZNrsQ+LFTGHVxVjcXPs17LhbZVGedAJv8XZ1tvj5FvSg=="
    }
  }
}
